
Microsoft Visual Studio Solution File, Format Version 12.00
# Visual Studio Version 16
VisualStudioVersion = 16.0.30717.126
MinimumVisualStudioVersion = 10.0.40219.1
Project("{FAE04EC0-301F-11D3-BF4B-00C04F79EFBC}") = "XMLCrystalReport", "XMLCrystalReport\XMLCrystalReport.csproj", "{07B4AB11-2BAE-4F8D-A3BB-E1AA0E39DA6E}"
EndProject
Global
	GlobalSection(SolutionConfigurationPlatforms) = preSolution
		Debug|Any CPU = Debug|Any CPU
		Release|Any CPU = Release|Any CPU
	EndGlobalSection
	GlobalSection(ProjectConfigurationPlatforms) = postSolution
		{07B4AB11-2BAE-4F8D-A3BB-E1AA0E39DA6E}.Debug|Any CPU.ActiveCfg = Debug|Any CPU
		{07B4AB11-2BAE-4F8D-A3BB-E1AA0E39DA6E}.Debug|Any CPU.Build.0 = Debug|Any CPU
		{07B4AB11-2BAE-4F8D-A3BB-E1AA0E39DA6E}.Release|Any CPU.ActiveCfg = Release|Any CPU
		{07B4AB11-2BAE-4F8D-A3BB-E1AA0E39DA6E}.Release|Any CPU.Build.0 = Release|Any CPU
	EndGlobalSection
	GlobalSection(SolutionProperties) = preSolution
		HideSolutionNode = FALSE
	EndGlobalSection
	GlobalSection(ExtensibilityGlobals) = postSolution
		SolutionGuid = {294BC358-F51B-44C1-B85A-6F9027B6C999}
	EndGlobalSection
EndGlobal
